dependencies:
- name: component
  repository: https://bcgov.github.io/helm-service/
  version: 0.3.3
- name: component
  repository: https://bcgov.github.io/helm-service/
  version: 0.3.3
- name: component
  repository: https://bcgov.github.io/helm-service/
  version: 0.3.3
digest: sha256:d1cd17e5ba97860d19a838a3b8dd85f9601c6053a9791d339c05cb06d64a7087
generated: "2025-03-15T01:56:59.766695711Z"
