dependencies:
- name: component
  repository: https://bcgov.github.io/helm-service/
  version: 0.3.1
- name: component
  repository: https://bcgov.github.io/helm-service/
  version: 0.3.1
- name: component
  repository: https://bcgov.github.io/helm-service/
  version: 0.3.1
digest: sha256:e0b5a6f24b8bbb2664a28ca65b24f22d0d9304257adac8f8bdbf667275334f3f
generated: "2025-02-17T19:41:17.158419068Z"
