dependencies:
- name: component
  repository: https://bcgov.github.io/helm-service/
  version: 0.3.2
- name: component
  repository: https://bcgov.github.io/helm-service/
  version: 0.3.2
- name: component
  repository: https://bcgov.github.io/helm-service/
  version: 0.3.2
digest: sha256:f46775e9e7e534539a74126fe3c405b65831bc61bf28c64d979930671e86ce17
generated: "2025-03-14T23:04:13.91943622Z"
